
Microsoft Visual Studio Solution File, Format Version 12.00
# Visual Studio Version 17
VisualStudioVersion = 17.11.35312.102
MinimumVisualStudioVersion = 10.0.40219.1
Project("{FAE04EC0-301F-11D3-BF4B-00C04F79EFBC}") = "Fraction", "Fraction\Fraction.csproj", "{CFCAF450-F69E-4CFE-8036-563102350AFC}"
EndProject
Project("{FAE04EC0-301F-11D3-BF4B-00C04F79EFBC}") = "FractionTest", "FractionTest\FractionTest.csproj", "{C70EBA44-7CAC-4536-9202-3E2077CFF75D}"
EndProject
Global
	GlobalSection(SolutionConfigurationPlatforms) = preSolution
		Debug|Any CPU = Debug|Any CPU
		Release|Any CPU = Release|Any CPU
	EndGlobalSection
	GlobalSection(ProjectConfigurationPlatforms) = postSolution
		{CFCAF450-F69E-4CFE-8036-563102350AFC}.Debug|Any CPU.ActiveCfg = Debug|Any CPU
		{CFCAF450-F69E-4CFE-8036-563102350AFC}.Debug|Any CPU.Build.0 = Debug|Any CPU
		{CFCAF450-F69E-4CFE-8036-563102350AFC}.Release|Any CPU.ActiveCfg = Release|Any CPU
		{CFCAF450-F69E-4CFE-8036-563102350AFC}.Release|Any CPU.Build.0 = Release|Any CPU
		{C70EBA44-7CAC-4536-9202-3E2077CFF75D}.Debug|Any CPU.ActiveCfg = Debug|Any CPU
		{C70EBA44-7CAC-4536-9202-3E2077CFF75D}.Debug|Any CPU.Build.0 = Debug|Any CPU
		{C70EBA44-7CAC-4536-9202-3E2077CFF75D}.Release|Any CPU.ActiveCfg = Release|Any CPU
		{C70EBA44-7CAC-4536-9202-3E2077CFF75D}.Release|Any CPU.Build.0 = Release|Any CPU
	EndGlobalSection
	GlobalSection(SolutionProperties) = preSolution
		HideSolutionNode = FALSE
	EndGlobalSection
	GlobalSection(ExtensibilityGlobals) = postSolution
		SolutionGuid = {CD667208-BF79-4BDC-B69B-B2D74C70B2EB}
	EndGlobalSection
EndGlobal
